
Microsoft Visual Studio Solution File, Format Version 12.00
# Visual Studio Version 17
VisualStudioVersion = 17.14.37710.0 d17.14
MinimumVisualStudioVersion = 10.0.40219.1
Project("{FAE04EC0-301F-11D3-BF4B-00C04F79EFBC}") = "homeassigment", "homeassigment\homeassigment.csproj", "{A80BF38E-A055-4B44-8BED-0B6AB3A045CC}"
EndProject
Global
	GlobalSection(SolutionConfigurationPlatforms) = preSolution
		Debug|Any CPU = Debug|Any CPU
		Release|Any CPU = Release|Any CPU
	EndGlobalSection
	GlobalSection(ProjectConfigurationPlatforms) = postSolution
		{A80BF38E-A055-4B44-8BED-0B6AB3A045CC}.Debug|Any CPU.ActiveCfg = Debug|Any CPU
		{A80BF38E-A055-4B44-8BED-0B6AB3A045CC}.Debug|Any CPU.Build.0 = Debug|Any CPU
		{A80BF38E-A055-4B44-8BED-0B6AB3A045CC}.Release|Any CPU.ActiveCfg = Release|Any CPU
		{A80BF38E-A055-4B44-8BED-0B6AB3A045CC}.Release|Any CPU.Build.0 = Release|Any CPU
	EndGlobalSection
	GlobalSection(SolutionProperties) = preSolution
		HideSolutionNode = FALSE
	EndGlobalSection
	GlobalSection(ExtensibilityGlobals) = postSolution
		SolutionGuid = {ACE8522A-1869-4C80-8CA1-5C7CC31983C6}
	EndGlobalSection
EndGlobal
